
Microsoft Visual Studio Solution File, Format Version 12.00
# Visual Studio Version 16
VisualStudioVersion = 16.0.31515.178
MinimumVisualStudioVersion = 10.0.40219.1
Project("{FAE04EC0-301F-11D3-BF4B-00C04F79EFBC}") = "WordInventor", "WordInventor\WordInventor.csproj", "{2BE5DD29-6BEA-454B-9908-6E9FFB041F7A}"
EndProject
Global
	GlobalSection(SolutionConfigurationPlatforms) = preSolution
		Debug|Any CPU = Debug|Any CPU
		Release|Any CPU = Release|Any CPU
	EndGlobalSection
	GlobalSection(ProjectConfigurationPlatforms) = postSolution
		{2BE5DD29-6BEA-454B-9908-6E9FFB041F7A}.Debug|Any CPU.ActiveCfg = Debug|Any CPU
		{2BE5DD29-6BEA-454B-9908-6E9FFB041F7A}.Debug|Any CPU.Build.0 = Debug|Any CPU
		{2BE5DD29-6BEA-454B-9908-6E9FFB041F7A}.Release|Any CPU.ActiveCfg = Release|Any CPU
		{2BE5DD29-6BEA-454B-9908-6E9FFB041F7A}.Release|Any CPU.Build.0 = Release|Any CPU
	EndGlobalSection
	GlobalSection(SolutionProperties) = preSolution
		HideSolutionNode = FALSE
	EndGlobalSection
	GlobalSection(ExtensibilityGlobals) = postSolution
		SolutionGuid = {A8FCB961-E55D-41CB-95F6-6744509B1C95}
	EndGlobalSection
EndGlobal
